
Microsoft Visual Studio Solution File, Format Version 12.00
# Visual Studio Version 16
VisualStudioVersion = 16.0.30503.244
MinimumVisualStudioVersion = 10.0.40219.1
Project("{FAE04EC0-301F-11D3-BF4B-00C04F79EFBC}") = "DV-SudokuGame", "DV-SudokuGame\DV-SudokuGame.csproj", "{4FAB2EF6-7911-46DB-869C-8086873C522B}"
EndProject
Global
	GlobalSection(SolutionConfigurationPlatforms) = preSolution
		Debug|Any CPU = Debug|Any CPU
		Release|Any CPU = Release|Any CPU
	EndGlobalSection
	GlobalSection(ProjectConfigurationPlatforms) = postSolution
		{4FAB2EF6-7911-46DB-869C-8086873C522B}.Debug|Any CPU.ActiveCfg = Debug|Any CPU
		{4FAB2EF6-7911-46DB-869C-8086873C522B}.Debug|Any CPU.Build.0 = Debug|Any CPU
		{4FAB2EF6-7911-46DB-869C-8086873C522B}.Release|Any CPU.ActiveCfg = Release|Any CPU
		{4FAB2EF6-7911-46DB-869C-8086873C522B}.Release|Any CPU.Build.0 = Release|Any CPU
	EndGlobalSection
	GlobalSection(SolutionProperties) = preSolution
		HideSolutionNode = FALSE
	EndGlobalSection
	GlobalSection(ExtensibilityGlobals) = postSolution
		SolutionGuid = {047A8A84-619B-41FE-9BA6-296FD185801D}
	EndGlobalSection
EndGlobal
